
Microsoft Visual Studio Solution File, Format Version 12.00
Project("{FAE04EC0-301F-11D3-BF4B-00C04F79EFBC}") = "ExampleConsoleApp", "ExampleConsoleApp\ExampleConsoleApp.csproj", "{424308C0-A738-48A5-A68E-AEC8AB2D7632}"
EndProject
Global
	GlobalSection(SolutionConfigurationPlatforms) = preSolution
		Debug|Any CPU = Debug|Any CPU
		Release|Any CPU = Release|Any CPU
	EndGlobalSection
	GlobalSection(ProjectConfigurationPlatforms) = postSolution
		{424308C0-A738-48A5-A68E-AEC8AB2D7632}.Debug|Any CPU.ActiveCfg = Debug|Any CPU
		{424308C0-A738-48A5-A68E-AEC8AB2D7632}.Debug|Any CPU.Build.0 = Debug|Any CPU
		{424308C0-A738-48A5-A68E-AEC8AB2D7632}.Release|Any CPU.ActiveCfg = Release|Any CPU
		{424308C0-A738-48A5-A68E-AEC8AB2D7632}.Release|Any CPU.Build.0 = Release|Any CPU
	EndGlobalSection
EndGlobal
